
Microsoft Visual Studio Solution File, Format Version 12.00
# Visual Studio Version 17
VisualStudioVersion = 17.14.36202.13
MinimumVisualStudioVersion = 10.0.40219.1
Project("{FAE04EC0-301F-11D3-BF4B-00C04F79EFBC}") = "MiniAccountManagementSystem", "MiniAccountManagementSystem\MiniAccountManagementSystem.csproj", "{7BDCE727-C52E-47DE-874D-496FF9CED097}"
EndProject
Global
	GlobalSection(SolutionConfigurationPlatforms) = preSolution
		Debug|Any CPU = Debug|Any CPU
		Release|Any CPU = Release|Any CPU
	EndGlobalSection
	GlobalSection(ProjectConfigurationPlatforms) = postSolution
		{7BDCE727-C52E-47DE-874D-496FF9CED097}.Debug|Any CPU.ActiveCfg = Debug|Any CPU
		{7BDCE727-C52E-47DE-874D-496FF9CED097}.Debug|Any CPU.Build.0 = Debug|Any CPU
		{7BDCE727-C52E-47DE-874D-496FF9CED097}.Release|Any CPU.ActiveCfg = Release|Any CPU
		{7BDCE727-C52E-47DE-874D-496FF9CED097}.Release|Any CPU.Build.0 = Release|Any CPU
	EndGlobalSection
	GlobalSection(SolutionProperties) = preSolution
		HideSolutionNode = FALSE
	EndGlobalSection
	GlobalSection(ExtensibilityGlobals) = postSolution
		SolutionGuid = {D47AA34D-F8E0-418C-835C-F98B5EFFC634}
	EndGlobalSection
EndGlobal
